
Microsoft Visual Studio Solution File, Format Version 12.00
# Visual Studio Version 17
VisualStudioVersion = 17.13.35931.197 d17.13
MinimumVisualStudioVersion = 10.0.40219.1
Project("{FAE04EC0-301F-11D3-BF4B-00C04F79EFBC}") = "XO", "XO.csproj", "{92B6A938-36BC-4C7B-B7DF-6249FFEE486B}"
EndProject
Global
	GlobalSection(SolutionConfigurationPlatforms) = preSolution
		Debug|Any CPU = Debug|Any CPU
		Release|Any CPU = Release|Any CPU
	EndGlobalSection
	GlobalSection(ProjectConfigurationPlatforms) = postSolution
		{92B6A938-36BC-4C7B-B7DF-6249FFEE486B}.Debug|Any CPU.ActiveCfg = Debug|Any CPU
		{92B6A938-36BC-4C7B-B7DF-6249FFEE486B}.Debug|Any CPU.Build.0 = Debug|Any CPU
		{92B6A938-36BC-4C7B-B7DF-6249FFEE486B}.Release|Any CPU.ActiveCfg = Release|Any CPU
		{92B6A938-36BC-4C7B-B7DF-6249FFEE486B}.Release|Any CPU.Build.0 = Release|Any CPU
	EndGlobalSection
	GlobalSection(SolutionProperties) = preSolution
		HideSolutionNode = FALSE
	EndGlobalSection
	GlobalSection(ExtensibilityGlobals) = postSolution
		SolutionGuid = {79169057-8B23-4E3E-B748-757E8E759DDE}
	EndGlobalSection
EndGlobal
